
Microsoft Visual Studio Solution File, Format Version 12.00
# Visual Studio Version 17
VisualStudioVersion = 17.7.34031.279
MinimumVisualStudioVersion = 10.0.40219.1
Project("{FAE04EC0-301F-11D3-BF4B-00C04F79EFBC}") = "socotraPolicyReports", "socotraPolicyReports.csproj", "{583D1DC7-A7DC-4928-970D-653B7A868828}"
EndProject
Global
	GlobalSection(SolutionConfigurationPlatforms) = preSolution
		Debug|Any CPU = Debug|Any CPU
		Release|Any CPU = Release|Any CPU
	EndGlobalSection
	GlobalSection(ProjectConfigurationPlatforms) = postSolution
		{583D1DC7-A7DC-4928-970D-653B7A868828}.Debug|Any CPU.ActiveCfg = Debug|Any CPU
		{583D1DC7-A7DC-4928-970D-653B7A868828}.Debug|Any CPU.Build.0 = Debug|Any CPU
		{583D1DC7-A7DC-4928-970D-653B7A868828}.Release|Any CPU.ActiveCfg = Release|Any CPU
		{583D1DC7-A7DC-4928-970D-653B7A868828}.Release|Any CPU.Build.0 = Release|Any CPU
	EndGlobalSection
	GlobalSection(SolutionProperties) = preSolution
		HideSolutionNode = FALSE
	EndGlobalSection
	GlobalSection(ExtensibilityGlobals) = postSolution
		SolutionGuid = {D8E8847B-E559-439C-AB10-CD3895CEC918}
	EndGlobalSection
EndGlobal
